
Microsoft Visual Studio Solution File, Format Version 12.00
# Visual Studio Version 17
VisualStudioVersion = 17.13.35806.99 d17.13
MinimumVisualStudioVersion = 10.0.40219.1
Project("{FAE04EC0-301F-11D3-BF4B-00C04F79EFBC}") = "FoxTrack", "FoxTrack\FoxTrack.csproj", "{A2B5256E-D2D7-4AE0-AE3D-975F2C87A2AB}"
EndProject
Global
	GlobalSection(SolutionConfigurationPlatforms) = preSolution
		Debug|Any CPU = Debug|Any CPU
		Release|Any CPU = Release|Any CPU
	EndGlobalSection
	GlobalSection(ProjectConfigurationPlatforms) = postSolution
		{A2B5256E-D2D7-4AE0-AE3D-975F2C87A2AB}.Debug|Any CPU.ActiveCfg = Debug|Any CPU
		{A2B5256E-D2D7-4AE0-AE3D-975F2C87A2AB}.Debug|Any CPU.Build.0 = Debug|Any CPU
		{A2B5256E-D2D7-4AE0-AE3D-975F2C87A2AB}.Release|Any CPU.ActiveCfg = Release|Any CPU
		{A2B5256E-D2D7-4AE0-AE3D-975F2C87A2AB}.Release|Any CPU.Build.0 = Release|Any CPU
	EndGlobalSection
	GlobalSection(SolutionProperties) = preSolution
		HideSolutionNode = FALSE
	EndGlobalSection
	GlobalSection(ExtensibilityGlobals) = postSolution
		SolutionGuid = {8194006F-BF18-41F1-AE94-BC0BAC4C2DFD}
	EndGlobalSection
EndGlobal
